// !$*UTF8*$!
{
	archiveVersion = 1;
	classes = {
	};
	objectVersion = 46;
	objects = {

/* Begin PBXBuildFile section */
		26A49F985316854CEF638ED4 /* Pods_KnowledgeTree.framework in Frameworks */ = {isa = PBXBuildFile; fileRef = C45D4155E933F1AD0D7C4E45 /* Pods_KnowledgeTree.framework */; };
		3368A3651E9E040300DF4AB4 /* main.m in Sources */ = {isa = PBXBuildFile; fileRef = 3368A3641E9E040300DF4AB4 /* main.m */; };
		3368A3681E9E040300DF4AB4 /* AppDelegate.m in Sources */ = {isa = PBXBuildFile; fileRef = 3368A3671E9E040300DF4AB4 /* AppDelegate.m */; };
		3368A36B1E9E040300DF4AB4 /* TreeViewController.m in Sources */ = {isa = PBXBuildFile; fileRef = 3368A36A1E9E040300DF4AB4 /* TreeViewController.m */; };
		3368A36E1E9E040300DF4AB4 /* Main.storyboard in Resources */ = {isa = PBXBuildFile; fileRef = 3368A36C1E9E040300DF4AB4 /* Main.storyboard */; };
		3368A3711E9E040300DF4AB4 /* KnowledgeTree.xcdatamodeld in Sources */ = {isa = PBXBuildFile; fileRef = 3368A36F1E9E040300DF4AB4 /* KnowledgeTree.xcdatamodeld */; };
		3368A3731E9E040300DF4AB4 /* Assets.xcassets in Resources */ = {isa = PBXBuildFile; fileRef = 3368A3721E9E040300DF4AB4 /* Assets.xcassets */; };
		3368A3761E9E040300DF4AB4 /* LaunchScreen.storyboard in Resources */ = {isa = PBXBuildFile; fileRef = 3368A3741E9E040300DF4AB4 /* LaunchScreen.storyboard */; };
		3368A3821E9E096500DF4AB4 /* Tree.plist in Resources */ = {isa = PBXBuildFile; fileRef = 3368A3811E9E096500DF4AB4 /* Tree.plist */; };
		336D7D4F1E9E477E00E82E43 /* TreeViewCell.m in Sources */ = {isa = PBXBuildFile; fileRef = 336D7D4E1E9E477E00E82E43 /* TreeViewCell.m */; };
		336D7D521E9E47E600E82E43 /* TreeViewModel.m in Sources */ = {isa = PBXBuildFile; fileRef = 336D7D511E9E47E600E82E43 /* TreeViewModel.m */; };
		336D7D551E9E480600E82E43 /* TreeModel.m in Sources */ = {isa = PBXBuildFile; fileRef = 336D7D541E9E480600E82E43 /* TreeModel.m */; };
		336D7D581E9E4BE000E82E43 /* UIView+ViewFrame.m in Sources */ = {isa = PBXBuildFile; fileRef = 336D7D571E9E4BE000E82E43 /* UIView+ViewFrame.m */; };
		336D7D5B1E9E509B00E82E43 /* NetWorkRequestAPI.m in Sources */ = {isa = PBXBuildFile; fileRef = 336D7D5A1E9E509B00E82E43 /* NetWorkRequestAPI.m */; };
		33AC7F9B1EAF55510073E14E /* CreatTreeView.m in Sources */ = {isa = PBXBuildFile; fileRef = 33AC7F9A1EAF55510073E14E /* CreatTreeView.m */; };
/* End PBXBuildFile section */

/* Begin PBXFileReference section */
		3368A3601E9E040300DF4AB4 /* KnowledgeTree.app */ = {isa = PBXFileReference; explicitFileType = wrapper.application; includeInIndex = 0; path = KnowledgeTree.app; sourceTree = BUILT_PRODUCTS_DIR; };
		3368A3641E9E040300DF4AB4 /* main.m */ = {isa = PBXFileReference; lastKnownFileType = sourcecode.c.objc; path = main.m; sourceTree = "<group>"; };
		3368A3661E9E040300DF4AB4 /* AppDelegate.h */ = {isa = PBXFileReference; lastKnownFileType = sourcecode.c.h; path = AppDelegate.h; sourceTree = "<group>"; };
		3368A3671E9E040300DF4AB4 /* AppDelegate.m */ = {isa = PBXFileReference; lastKnownFileType = sourcecode.c.objc; path = AppDelegate.m; sourceTree = "<group>"; };
		3368A3691E9E040300DF4AB4 /* TreeViewController.h */ = {isa = PBXFileReference; lastKnownFileType = sourcecode.c.h; path = TreeViewController.h; sourceTree = "<group>"; };
		3368A36A1E9E040300DF4AB4 /* TreeViewController.m */ = {isa = PBXFileReference; lastKnownFileType = sourcecode.c.objc; path = TreeViewController.m; sourceTree = "<group>"; };
		3368A36D1E9E040300DF4AB4 /* Base */ = {isa = PBXFileReference; lastKnownFileType = file.storyboard; name = Base; path = Base.lproj/Main.storyboard; sourceTree = "<group>"; };
		3368A3701E9E040300DF4AB4 /* KnowledgeTree.xcdatamodel */ = {isa = PBXFileReference; lastKnownFileType = wrapper.xcdatamodel; path = KnowledgeTree.xcdatamodel; sourceTree = "<group>"; };
		3368A3721E9E040300DF4AB4 /* Assets.xcassets */ = {isa = PBXFileReference; lastKnownFileType = folder.assetcatalog; path = Assets.xcassets; sourceTree = "<group>"; };
		3368A3751E9E040300DF4AB4 /* Base */ = {isa = PBXFileReference; lastKnownFileType = file.storyboard; name = Base; path = Base.lproj/LaunchScreen.storyboard; sourceTree = "<group>"; };
		3368A3771E9E040300DF4AB4 /* Info.plist */ = {isa = PBXFileReference; lastKnownFileType = text.plist.xml; path = Info.plist; sourceTree = "<group>"; };
		3368A3811E9E096500DF4AB4 /* Tree.plist */ = {isa = PBXFileReference; fileEncoding = 4; lastKnownFileType = text.plist.xml; path = Tree.plist; sourceTree = "<group>"; };
		336D7D4D1E9E477E00E82E43 /* TreeViewCell.h */ = {isa = PBXFileReference; fileEncoding = 4; lastKnownFileType = sourcecode.c.h; path = TreeViewCell.h; sourceTree = "<group>"; };
		336D7D4E1E9E477E00E82E43 /* TreeViewCell.m */ = {isa = PBXFileReference; fileEncoding = 4; lastKnownFileType = sourcecode.c.objc; path = TreeViewCell.m; sourceTree = "<group>"; };
		336D7D501E9E47E600E82E43 /* TreeViewModel.h */ = {isa = PBXFileReference; fileEncoding = 4; lastKnownFileType = sourcecode.c.h; path = TreeViewModel.h; sourceTree = "<group>"; };
		336D7D511E9E47E600E82E43 /* TreeViewModel.m */ = {isa = PBXFileReference; fileEncoding = 4; lastKnownFileType = sourcecode.c.objc; path = TreeViewModel.m; sourceTree = "<group>"; };
		336D7D531E9E480600E82E43 /* TreeModel.h */ = {isa = PBXFileReference; fileEncoding = 4; lastKnownFileType = sourcecode.c.h; path = TreeModel.h; sourceTree = "<group>"; };
		336D7D541E9E480600E82E43 /* TreeModel.m */ = {isa = PBXFileReference; fileEncoding = 4; lastKnownFileType = sourcecode.c.objc; path = TreeModel.m; sourceTree = "<group>"; };
		336D7D561E9E4BE000E82E43 /* UIView+ViewFrame.h */ = {isa = PBXFileReference; fileEncoding = 4; lastKnownFileType = sourcecode.c.h; path = "UIView+ViewFrame.h"; sourceTree = "<group>"; };
		336D7D571E9E4BE000E82E43 /* UIView+ViewFrame.m */ = {isa = PBXFileReference; fileEncoding = 4; lastKnownFileType = sourcecode.c.objc; path = "UIView+ViewFrame.m"; sourceTree = "<group>"; };
		336D7D591E9E509B00E82E43 /* NetWorkRequestAPI.h */ = {isa = PBXFileReference; fileEncoding = 4; lastKnownFileType = sourcecode.c.h; path = NetWorkRequestAPI.h; sourceTree = "<group>"; };
		336D7D5A1E9E509B00E82E43 /* NetWorkRequestAPI.m */ = {isa = PBXFileReference; fileEncoding = 4; lastKnownFileType = sourcecode.c.objc; path = NetWorkRequestAPI.m; sourceTree = "<group>"; };
		33AC7F991EAF55510073E14E /* CreatTreeView.h */ = {isa = PBXFileReference; fileEncoding = 4; lastKnownFileType = sourcecode.c.h; path = CreatTreeView.h; sourceTree = "<group>"; };
		33AC7F9A1EAF55510073E14E /* CreatTreeView.m */ = {isa = PBXFileReference; fileEncoding = 4; lastKnownFileType = sourcecode.c.objc; path = CreatTreeView.m; sourceTree = "<group>"; };
		3B2397C5FA6D722EB0B157D5 /* Pods-KnowledgeTree.debug.xcconfig */ = {isa = PBXFileReference; includeInIndex = 1; lastKnownFileType = text.xcconfig; name = "Pods-KnowledgeTree.debug.xcconfig"; path = "Pods/Target Support Files/Pods-KnowledgeTree/Pods-KnowledgeTree.debug.xcconfig"; sourceTree = "<group>"; };
		C45D4155E933F1AD0D7C4E45 /* Pods_KnowledgeTree.framework */ = {isa = PBXFileReference; explicitFileType = wrapper.framework; includeInIndex = 0; path = Pods_KnowledgeTree.framework; sourceTree = BUILT_PRODUCTS_DIR; };
		D2FD5274FE253F086B858584 /* Pods-KnowledgeTree.release.xcconfig */ = {isa = PBXFileReference; includeInIndex = 1; lastKnownFileType = text.xcconfig; name = "Pods-KnowledgeTree.release.xcconfig"; path = "Pods/Target Support Files/Pods-KnowledgeTree/Pods-KnowledgeTree.release.xcconfig"; sourceTree = "<group>"; };
/* End PBXFileReference section */

/* Begin PBXFrameworksBuildPhase section */
		3368A35D1E9E040300DF4AB4 /* Frameworks */ = {
			isa = PBXFrameworksBuildPhase;
			buildActionMask = 2147483647;
			files = (
				26A49F985316854CEF638ED4 /* Pods_KnowledgeTree.framework in Frameworks */,
			);
			runOnlyForDeploymentPostprocessing = 0;
		};
/* End PBXFrameworksBuildPhase section */

/* Begin PBXGroup section */
		0AE61F7EA6F8DF4C8917A39D /* Pods */ = {
			isa = PBXGroup;
			children = (
				3B2397C5FA6D722EB0B157D5 /* Pods-KnowledgeTree.debug.xcconfig */,
				D2FD5274FE253F086B858584 /* Pods-KnowledgeTree.release.xcconfig */,
			);
			name = Pods;
			sourceTree = "<group>";
		};
		3368A3571E9E040300DF4AB4 = {
			isa = PBXGroup;
			children = (
				3368A3621E9E040300DF4AB4 /* KnowledgeTree */,
				3368A3611E9E040300DF4AB4 /* Products */,
				0AE61F7EA6F8DF4C8917A39D /* Pods */,
				B236C66C7C9FF4D924B82784 /* Frameworks */,
			);
			sourceTree = "<group>";
		};
		3368A3611E9E040300DF4AB4 /* Products */ = {
			isa = PBXGroup;
			children = (
				3368A3601E9E040300DF4AB4 /* KnowledgeTree.app */,
			);
			name = Products;
			sourceTree = "<group>";
		};
		3368A3621E9E040300DF4AB4 /* KnowledgeTree */ = {
			isa = PBXGroup;
			children = (
				3368A3661E9E040300DF4AB4 /* AppDelegate.h */,
				3368A3671E9E040300DF4AB4 /* AppDelegate.m */,
				3368A3691E9E040300DF4AB4 /* TreeViewController.h */,
				3368A36A1E9E040300DF4AB4 /* TreeViewController.m */,
				33AC7F991EAF55510073E14E /* CreatTreeView.h */,
				33AC7F9A1EAF55510073E14E /* CreatTreeView.m */,
				336D7D591E9E509B00E82E43 /* NetWorkRequestAPI.h */,
				336D7D5A1E9E509B00E82E43 /* NetWorkRequestAPI.m */,
				336D7D4D1E9E477E00E82E43 /* TreeViewCell.h */,
				336D7D4E1E9E477E00E82E43 /* TreeViewCell.m */,
				336D7D501E9E47E600E82E43 /* TreeViewModel.h */,
				336D7D511E9E47E600E82E43 /* TreeViewModel.m */,
				336D7D531E9E480600E82E43 /* TreeModel.h */,
				336D7D541E9E480600E82E43 /* TreeModel.m */,
				3368A36C1E9E040300DF4AB4 /* Main.storyboard */,
				3368A3721E9E040300DF4AB4 /* Assets.xcassets */,
				3368A3741E9E040300DF4AB4 /* LaunchScreen.storyboard */,
				3368A3771E9E040300DF4AB4 /* Info.plist */,
				3368A36F1E9E040300DF4AB4 /* KnowledgeTree.xcdatamodeld */,
				3368A3631E9E040300DF4AB4 /* Supporting Files */,
			);
			path = KnowledgeTree;
			sourceTree = "<group>";
		};
		3368A3631E9E040300DF4AB4 /* Supporting Files */ = {
			isa = PBXGroup;
			children = (
				3368A3811E9E096500DF4AB4 /* Tree.plist */,
				3368A3641E9E040300DF4AB4 /* main.m */,
				336D7D561E9E4BE000E82E43 /* UIView+ViewFrame.h */,
				336D7D571E9E4BE000E82E43 /* UIView+ViewFrame.m */,
			);
			name = "Supporting Files";
			sourceTree = "<group>";
		};
		B236C66C7C9FF4D924B82784 /* Frameworks */ = {
			isa = PBXGroup;
			children = (
				C45D4155E933F1AD0D7C4E45 /* Pods_KnowledgeTree.framework */,
			);
			name = Frameworks;
			sourceTree = "<group>";
		};
/* End PBXGroup section */

/* Begin PBXNativeTarget section */
		3368A35F1E9E040300DF4AB4 /* KnowledgeTree */ = {
			isa = PBXNativeTarget;
			buildConfigurationList = 3368A37A1E9E040300DF4AB4 /* Build configuration list for PBXNativeTarget "KnowledgeTree" */;
			buildPhases = (
				78CB765A67AB5AA6773C3136 /* [CP] Check Pods Manifest.lock */,
				3368A35C1E9E040300DF4AB4 /* Sources */,
				3368A35D1E9E040300DF4AB4 /* Frameworks */,
				3368A35E1E9E040300DF4AB4 /* Resources */,
				142950D223D79F15242180C3 /* [CP] Embed Pods Frameworks */,
				DFCA2D927C7D83EDA22B3488 /* [CP] Copy Pods Resources */,
			);
			buildRules = (
			);
			dependencies = (
			);
			name = KnowledgeTree;
			productName = KnowledgeTree;
			productReference = 3368A3601E9E040300DF4AB4 /* KnowledgeTree.app */;
			productType = "com.apple.product-type.application";
		};
/* End PBXNativeTarget section */

/* Begin PBXProject section */
		3368A3581E9E040300DF4AB4 /* Project object */ = {
			isa = PBXProject;
			attributes = {
				LastUpgradeCheck = 0830;
				ORGANIZATIONNAME = xinxin;
				TargetAttributes = {
					3368A35F1E9E040300DF4AB4 = {
						CreatedOnToolsVersion = 8.3;
						DevelopmentTeam = MR4GTF2765;
						ProvisioningStyle = Automatic;
					};
				};
			};
			buildConfigurationList = 3368A35B1E9E040300DF4AB4 /* Build configuration list for PBXProject "KnowledgeTree" */;
			compatibilityVersion = "Xcode 3.2";
			developmentRegion = English;
			hasScannedForEncodings = 0;
			knownRegions = (
				en,
				Base,
			);
			mainGroup = 3368A3571E9E040300DF4AB4;
			productRefGroup = 3368A3611E9E040300DF4AB4 /* Products */;
			projectDirPath = "";
			projectRoot = "";
			targets = (
				3368A35F1E9E040300DF4AB4 /* KnowledgeTree */,
			);
		};
/* End PBXProject section */

/* Begin PBXResourcesBuildPhase section */
		3368A35E1E9E040300DF4AB4 /* Resources */ = {
			isa = PBXResourcesBuildPhase;
			buildActionMask = 2147483647;
			files = (
				3368A3821E9E096500DF4AB4 /* Tree.plist in Resources */,
				3368A3761E9E040300DF4AB4 /* LaunchScreen.storyboard in Resources */,
				3368A3731E9E040300DF4AB4 /* Assets.xcassets in Resources */,
				3368A36E1E9E040300DF4AB4 /* Main.storyboard in Resources */,
			);
			runOnlyForDeploymentPostprocessing = 0;
		};
/* End PBXResourcesBuildPhase section */

/* Begin PBXShellScriptBuildPhase section */
		142950D223D79F15242180C3 /* [CP] Embed Pods Frameworks */ = {
			isa = PBXShellScriptBuildPhase;
			buildActionMask = 2147483647;
			files = (
			);
			inputPaths = (
			);
			name = "[CP] Embed Pods Frameworks";
			outputPaths = (
			);
			runOnlyForDeploymentPostprocessing = 0;
			shellPath = /bin/sh;
			shellScript = "\"${SRCROOT}/Pods/Target Support Files/Pods-KnowledgeTree/Pods-KnowledgeTree-frameworks.sh\"\n";
			showEnvVarsInLog = 0;
		};
		78CB765A67AB5AA6773C3136 /* [CP] Check Pods Manifest.lock */ = {
			isa = PBXShellScriptBuildPhase;
			buildActionMask = 2147483647;
			files = (
			);
			inputPaths = (
			);
			name = "[CP] Check Pods Manifest.lock";
			outputPaths = (
			);
			runOnlyForDeploymentPostprocessing = 0;
			shellPath = /bin/sh;
			shellScript = "diff \"${PODS_ROOT}/../Podfile.lock\" \"${PODS_ROOT}/Manifest.lock\" > /dev/null\nif [ $? != 0 ] ; then\n    # print error to STDERR\n    echo \"error: The sandbox is not in sync with the Podfile.lock. Run 'pod install' or update your CocoaPods installation.\" >&2\n    exit 1\nfi\n";
			showEnvVarsInLog = 0;
		};
		DFCA2D927C7D83EDA22B3488 /* [CP] Copy Pods Resources */ = {
			isa = PBXShellScriptBuildPhase;
			buildActionMask = 2147483647;
			files = (
			);
			inputPaths = (
			);
			name = "[CP] Copy Pods Resources";
			outputPaths = (
			);
			runOnlyForDeploymentPostprocessing = 0;
			shellPath = /bin/sh;
			shellScript = "\"${SRCROOT}/Pods/Target Support Files/Pods-KnowledgeTree/Pods-KnowledgeTree-resources.sh\"\n";
			showEnvVarsInLog = 0;
		};
/* End PBXShellScriptBuildPhase section */

/* Begin PBXSourcesBuildPhase section */
		3368A35C1E9E040300DF4AB4 /* Sources */ = {
			isa = PBXSourcesBuildPhase;
			buildActionMask = 2147483647;
			files = (
				336D7D551E9E480600E82E43 /* TreeModel.m in Sources */,
				336D7D5B1E9E509B00E82E43 /* NetWorkRequestAPI.m in Sources */,
				33AC7F9B1EAF55510073E14E /* CreatTreeView.m in Sources */,
				336D7D521E9E47E600E82E43 /* TreeViewModel.m in Sources */,
				336D7D4F1E9E477E00E82E43 /* TreeViewCell.m in Sources */,
				3368A36B1E9E040300DF4AB4 /* TreeViewController.m in Sources */,
				3368A3681E9E040300DF4AB4 /* AppDelegate.m in Sources */,
				3368A3711E9E040300DF4AB4 /* KnowledgeTree.xcdatamodeld in Sources */,
				3368A3651E9E040300DF4AB4 /* main.m in Sources */,
				336D7D581E9E4BE000E82E43 /* UIView+ViewFrame.m in Sources */,
			);
			runOnlyForDeploymentPostprocessing = 0;
		};
/* End PBXSourcesBuildPhase section */

/* Begin PBXVariantGroup section */
		3368A36C1E9E040300DF4AB4 /* Main.storyboard */ = {
			isa = PBXVariantGroup;
			children = (
				3368A36D1E9E040300DF4AB4 /* Base */,
			);
			name = Main.storyboard;
			sourceTree = "<group>";
		};
		3368A3741E9E040300DF4AB4 /* LaunchScreen.storyboard */ = {
			isa = PBXVariantGroup;
			children = (
				3368A3751E9E040300DF4AB4 /* Base */,
			);
			name = LaunchScreen.storyboard;
			sourceTree = "<group>";
		};
/* End PBXVariantGroup section */

/* Begin XCBuildConfiguration section */
		3368A3781E9E040300DF4AB4 /* Debug */ = {
			isa = XCBuildConfiguration;
			buildSettings = {
				ALWAYS_SEARCH_USER_PATHS = NO;
				CLANG_ANALYZER_NONNULL = YES;
				CLANG_ANALYZER_NUMBER_OBJECT_CONVERSION = YES_AGGRESSIVE;
				CLANG_CXX_LANGUAGE_STANDARD = "gnu++0x";
				CLANG_CXX_LIBRARY = "libc++";
				CLANG_ENABLE_MODULES = YES;
				CLANG_ENABLE_OBJC_ARC = YES;
				CLANG_WARN_BOOL_CONVERSION = YES;
				CLANG_WARN_CONSTANT_CONVERSION = YES;
				CLANG_WARN_DIRECT_OBJC_ISA_USAGE = YES_ERROR;
				CLANG_WARN_DOCUMENTATION_COMMENTS = YES;
				CLANG_WARN_EMPTY_BODY = YES;
				CLANG_WARN_ENUM_CONVERSION = YES;
				CLANG_WARN_INFINITE_RECURSION = YES;
				CLANG_WARN_INT_CONVERSION = YES;
				CLANG_WARN_OBJC_ROOT_CLASS = YES_ERROR;
				CLANG_WARN_SUSPICIOUS_MOVE = YES;
				CLANG_WARN_UNREACHABLE_CODE = YES;
				CLANG_WARN__DUPLICATE_METHOD_MATCH = YES;
				"CODE_SIGN_IDENTITY[sdk=iphoneos*]" = "iPhone Developer";
				COPY_PHASE_STRIP = NO;
				DEBUG_INFORMATION_FORMAT = dwarf;
				ENABLE_STRICT_OBJC_MSGSEND = YES;
				ENABLE_TESTABILITY = YES;
				GCC_C_LANGUAGE_STANDARD = gnu99;
				GCC_DYNAMIC_NO_PIC = NO;
				GCC_NO_COMMON_BLOCKS = YES;
				GCC_OPTIMIZATION_LEVEL = 0;
				GCC_PREPROCESSOR_DEFINITIONS = (
					"DEBUG=1",
					"$(inherited)",
				);
				GCC_WARN_64_TO_32_BIT_CONVERSION = YES;
				GCC_WARN_ABOUT_RETURN_TYPE = YES_ERROR;
				GCC_WARN_UNDECLARED_SELECTOR = YES;
				GCC_WARN_UNINITIALIZED_AUTOS = YES_AGGRESSIVE;
				GCC_WARN_UNUSED_FUNCTION = YES;
				GCC_WARN_UNUSED_VARIABLE = YES;
				IPHONEOS_DEPLOYMENT_TARGET = 10.3;
				MTL_ENABLE_DEBUG_INFO = YES;
				ONLY_ACTIVE_ARCH = YES;
				SDKROOT = iphoneos;
				TARGETED_DEVICE_FAMILY = "1,2";
			};
			name = Debug;
		};
		3368A3791E9E040300DF4AB4 /* Release */ = {
			isa = XCBuildConfiguration;
			buildSettings = {
				ALWAYS_SEARCH_USER_PATHS = NO;
				CLANG_ANALYZER_NONNULL = YES;
				CLANG_ANALYZER_NUMBER_OBJECT_CONVERSION = YES_AGGRESSIVE;
				CLANG_CXX_LANGUAGE_STANDARD = "gnu++0x";
				CLANG_CXX_LIBRARY = "libc++";
				CLANG_ENABLE_MODULES = YES;
				CLANG_ENABLE_OBJC_ARC = YES;
				CLANG_WARN_BOOL_CONVERSION = YES;
				CLANG_WARN_CONSTANT_CONVERSION = YES;
				CLANG_WARN_DIRECT_OBJC_ISA_USAGE = YES_ERROR;
				CLANG_WARN_DOCUMENTATION_COMMENTS = YES;
				CLANG_WARN_EMPTY_BODY = YES;
				CLANG_WARN_ENUM_CONVERSION = YES;
				CLANG_WARN_INFINITE_RECURSION = YES;
				CLANG_WARN_INT_CONVERSION = YES;
				CLANG_WARN_OBJC_ROOT_CLASS = YES_ERROR;
				CLANG_WARN_SUSPICIOUS_MOVE = YES;
				CLANG_WARN_UNREACHABLE_CODE = YES;
				CLANG_WARN__DUPLICATE_METHOD_MATCH = YES;
				"CODE_SIGN_IDENTITY[sdk=iphoneos*]" = "iPhone Developer";
				COPY_PHASE_STRIP = NO;
				DEBUG_INFORMATION_FORMAT = "dwarf-with-dsym";
				ENABLE_NS_ASSERTIONS = NO;
				ENABLE_STRICT_OBJC_MSGSEND = YES;
				GCC_C_LANGUAGE_STANDARD = gnu99;
				GCC_NO_COMMON_BLOCKS = YES;
				GCC_WARN_64_TO_32_BIT_CONVERSION = YES;
				GCC_WARN_ABOUT_RETURN_TYPE = YES_ERROR;
				GCC_WARN_UNDECLARED_SELECTOR = YES;
				GCC_WARN_UNINITIALIZED_AUTOS = YES_AGGRESSIVE;
				GCC_WARN_UNUSED_FUNCTION = YES;
				GCC_WARN_UNUSED_VARIABLE = YES;
				IPHONEOS_DEPLOYMENT_TARGET = 10.3;
				MTL_ENABLE_DEBUG_INFO = NO;
				SDKROOT = iphoneos;
				TARGETED_DEVICE_FAMILY = "1,2";
				VALIDATE_PRODUCT = YES;
			};
			name = Release;
		};
		3368A37B1E9E040300DF4AB4 /* Debug */ = {
			isa = XCBuildConfiguration;
			baseConfigurationReference = 3B2397C5FA6D722EB0B157D5 /* Pods-KnowledgeTree.debug.xcconfig */;
			buildSettings = {
				ASSETCATALOG_COMPILER_APPICON_NAME = AppIcon;
				DEVELOPMENT_TEAM = MR4GTF2765;
				INFOPLIST_FILE = KnowledgeTree/Info.plist;
				LD_RUNPATH_SEARCH_PATHS = "$(inherited) @executable_path/Frameworks";
				PRODUCT_BUNDLE_IDENTIFIER = xinxin.com.KnowledgeTree;
				PRODUCT_NAME = "$(TARGET_NAME)";
				USER_HEADER_SEARCH_PATHS = "$(PODS_ROOT)/**";
			};
			name = Debug;
		};
		3368A37C1E9E040300DF4AB4 /* Release */ = {
			isa = XCBuildConfiguration;
			baseConfigurationReference = D2FD5274FE253F086B858584 /* Pods-KnowledgeTree.release.xcconfig */;
			buildSettings = {
				ASSETCATALOG_COMPILER_APPICON_NAME = AppIcon;
				DEVELOPMENT_TEAM = MR4GTF2765;
				INFOPLIST_FILE = KnowledgeTree/Info.plist;
				LD_RUNPATH_SEARCH_PATHS = "$(inherited) @executable_path/Frameworks";
				PRODUCT_BUNDLE_IDENTIFIER = xinxin.com.KnowledgeTree;
				PRODUCT_NAME = "$(TARGET_NAME)";
				USER_HEADER_SEARCH_PATHS = "$(PODS_ROOT)/**";
			};
			name = Release;
		};
/* End XCBuildConfiguration section */

/* Begin XCConfigurationList section */
		3368A35B1E9E040300DF4AB4 /* Build configuration list for PBXProject "KnowledgeTree" */ = {
			isa = XCConfigurationList;
			buildConfigurations = (
				3368A3781E9E040300DF4AB4 /* Debug */,
				3368A3791E9E040300DF4AB4 /* Release */,
			);
			defaultConfigurationIsVisible = 0;
			defaultConfigurationName = Release;
		};
		3368A37A1E9E040300DF4AB4 /* Build configuration list for PBXNativeTarget "KnowledgeTree" */ = {
			isa = XCConfigurationList;
			buildConfigurations = (
				3368A37B1E9E040300DF4AB4 /* Debug */,
				3368A37C1E9E040300DF4AB4 /* Release */,
			);
			defaultConfigurationIsVisible = 0;
			defaultConfigurationName = Release;
		};
/* End XCConfigurationList section */

/* Begin XCVersionGroup section */
		3368A36F1E9E040300DF4AB4 /* KnowledgeTree.xcdatamodeld */ = {
			isa = XCVersionGroup;
			children = (
				3368A3701E9E040300DF4AB4 /* KnowledgeTree.xcdatamodel */,
			);
			currentVersion = 3368A3701E9E040300DF4AB4 /* KnowledgeTree.xcdatamodel */;
			path = KnowledgeTree.xcdatamodeld;
			sourceTree = "<group>";
			versionGroupType = wrapper.xcdatamodel;
		};
/* End XCVersionGroup section */
	};
	rootObject = 3368A3581E9E040300DF4AB4 /* Project object */;
}
